
Microsoft Visual Studio Solution File, Format Version 12.00
# Visual Studio Version 16
VisualStudioVersion = 16.0.29326.143
MinimumVisualStudioVersion = 10.0.40219.1
Project("{FAE04EC0-301F-11D3-BF4B-00C04F79EFBC}") = "AspectNetSharp", "AspectNetSharp\AspectNetSharp.csproj", "{A38F54C1-DE02-4C14-90EC-41A9123304CE}"
EndProject
Project("{FAE04EC0-301F-11D3-BF4B-00C04F79EFBC}") = "AspectNetSharp.Tests", "AspectNetSharpTests\AspectNetSharp.Tests.csproj", "{8BE2850B-6DCE-4FD0-8D9D-1C466298252C}"
EndProject
Global
	GlobalSection(SolutionConfigurationPlatforms) = preSolution
		Debug|Any CPU = Debug|Any CPU
		Release|Any CPU = Release|Any CPU
	EndGlobalSection
	GlobalSection(ProjectConfigurationPlatforms) = postSolution
		{A38F54C1-DE02-4C14-90EC-41A9123304CE}.Debug|Any CPU.ActiveCfg = Debug|Any CPU
		{A38F54C1-DE02-4C14-90EC-41A9123304CE}.Debug|Any CPU.Build.0 = Debug|Any CPU
		{A38F54C1-DE02-4C14-90EC-41A9123304CE}.Release|Any CPU.ActiveCfg = Release|Any CPU
		{A38F54C1-DE02-4C14-90EC-41A9123304CE}.Release|Any CPU.Build.0 = Release|Any CPU
		{8BE2850B-6DCE-4FD0-8D9D-1C466298252C}.Debug|Any CPU.ActiveCfg = Debug|Any CPU
		{8BE2850B-6DCE-4FD0-8D9D-1C466298252C}.Debug|Any CPU.Build.0 = Debug|Any CPU
		{8BE2850B-6DCE-4FD0-8D9D-1C466298252C}.Release|Any CPU.ActiveCfg = Release|Any CPU
		{8BE2850B-6DCE-4FD0-8D9D-1C466298252C}.Release|Any CPU.Build.0 = Release|Any CPU
	EndGlobalSection
	GlobalSection(SolutionProperties) = preSolution
		HideSolutionNode = FALSE
	EndGlobalSection
	GlobalSection(ExtensibilityGlobals) = postSolution
		SolutionGuid = {67D9188A-33CE-4B29-805C-B9C43E650820}
	EndGlobalSection
EndGlobal
